---
mruby:
  version: 4.0.0
  release_no: 40000
  git_commit: 264d3837e4ec8de30b74587bc710cf8e08c63040
builds:
  session-store-test:
    https://github.com/mattn/mruby-json.git:
      url: https://github.com/mattn/mruby-json.git
      branch: master
      commit: f99d9428025469f2400f93c53b185f65f963e507
      version: 0.0.0
